
Microsoft Visual Studio Solution File, Format Version 12.00
# Visual Studio Version 16
VisualStudioVersion = 16.0.29215.179
MinimumVisualStudioVersion = 10.0.40219.1
Project("{FAE04EC0-301F-11D3-BF4B-00C04F79EFBC}") = "FontAndColor", "FontAndColor\FontAndColor.csproj", "{49987DA9-9D29-4751-9E54-A14E47A68A48}"
EndProject
Global
	GlobalSection(SolutionConfigurationPlatforms) = preSolution
		Debug|Any CPU = Debug|Any CPU
		Release|Any CPU = Release|Any CPU
	EndGlobalSection
	GlobalSection(ProjectConfigurationPlatforms) = postSolution
		{49987DA9-9D29-4751-9E54-A14E47A68A48}.Debug|Any CPU.ActiveCfg = Debug|Any CPU
		{49987DA9-9D29-4751-9E54-A14E47A68A48}.Debug|Any CPU.Build.0 = Debug|Any CPU
		{49987DA9-9D29-4751-9E54-A14E47A68A48}.Release|Any CPU.ActiveCfg = Release|Any CPU
		{49987DA9-9D29-4751-9E54-A14E47A68A48}.Release|Any CPU.Build.0 = Release|Any CPU
	EndGlobalSection
	GlobalSection(SolutionProperties) = preSolution
		HideSolutionNode = FALSE
	EndGlobalSection
	GlobalSection(ExtensibilityGlobals) = postSolution
		SolutionGuid = {6ABDF770-CDAD-416B-AB8D-79E4AAE5C249}
	EndGlobalSection
EndGlobal
